// !$*UTF8*$!
{
	archiveVersion = 1;
	classes = {
	};
	objectVersion = 56;
	objects = {

/* Begin PBXBuildFile section */
		0915C78F2B5EAE7B005DE9C4 /* AnimalListItemView.swift in Sources */ = {isa = PBXBuildFile; fileRef = 0915C78E2B5EAE7B005DE9C4 /* AnimalListItemView.swift */; };
		0915C7912B5EB1B5005DE9C4 /* AnimalModel.swift in Sources */ = {isa = PBXBuildFile; fileRef = 0915C7902B5EB1B5005DE9C4 /* AnimalModel.swift */; };
		098AC6902B5E519E00853938 /* The_Dark_ContinentApp.swift in Sources */ = {isa = PBXBuildFile; fileRef = 098AC68F2B5E519E00853938 /* The_Dark_ContinentApp.swift */; };
		098AC6922B5E519E00853938 /* ContentView.swift in Sources */ = {isa = PBXBuildFile; fileRef = 098AC6912B5E519E00853938 /* ContentView.swift */; };
		098AC6942B5E519F00853938 /* Assets.xcassets in Resources */ = {isa = PBXBuildFile; fileRef = 098AC6932B5E519F00853938 /* Assets.xcassets */; };
		098AC6972B5E519F00853938 /* Preview Assets.xcassets in Resources */ = {isa = PBXBuildFile; fileRef = 098AC6962B5E519F00853938 /* Preview Assets.xcassets */; };
		098AC6C42B5E539500853938 /* gorilla.mp4 in Resources */ = {isa = PBXBuildFile; fileRef = 098AC6BA2B5E539500853938 /* gorilla.mp4 */; };
		098AC6C52B5E539500853938 /* giraffe.mp4 in Resources */ = {isa = PBXBuildFile; fileRef = 098AC6BB2B5E539500853938 /* giraffe.mp4 */; };
		098AC6C62B5E539500853938 /* hippo.mp4 in Resources */ = {isa = PBXBuildFile; fileRef = 098AC6BC2B5E539500853938 /* hippo.mp4 */; };
		098AC6C72B5E539500853938 /* lioness.mp4 in Resources */ = {isa = PBXBuildFile; fileRef = 098AC6BD2B5E539500853938 /* lioness.mp4 */; };
		098AC6C82B5E539500853938 /* rhino.mp4 in Resources */ = {isa = PBXBuildFile; fileRef = 098AC6BE2B5E539500853938 /* rhino.mp4 */; };
		098AC6C92B5E539500853938 /* zebra.mp4 in Resources */ = {isa = PBXBuildFile; fileRef = 098AC6BF2B5E539500853938 /* zebra.mp4 */; };
		098AC6CA2B5E539500853938 /* ostrich.mp4 in Resources */ = {isa = PBXBuildFile; fileRef = 098AC6C02B5E539500853938 /* ostrich.mp4 */; };
		098AC6CB2B5E539500853938 /* elephant.mp4 in Resources */ = {isa = PBXBuildFile; fileRef = 098AC6C12B5E539500853938 /* elephant.mp4 */; };
		098AC6CC2B5E539500853938 /* lion.mp4 in Resources */ = {isa = PBXBuildFile; fileRef = 098AC6C22B5E539500853938 /* lion.mp4 */; };
		098AC6CD2B5E539500853938 /* cheetah.mp4 in Resources */ = {isa = PBXBuildFile; fileRef = 098AC6C32B5E539500853938 /* cheetah.mp4 */; };
		098AC6D32B5E53CD00853938 /* videos.json in Resources */ = {isa = PBXBuildFile; fileRef = 098AC6CF2B5E53CD00853938 /* videos.json */; };
		098AC6D42B5E53CD00853938 /* locations.json in Resources */ = {isa = PBXBuildFile; fileRef = 098AC6D02B5E53CD00853938 /* locations.json */; };
		098AC6D52B5E53CD00853938 /* covers.json in Resources */ = {isa = PBXBuildFile; fileRef = 098AC6D12B5E53CD00853938 /* covers.json */; };
		098AC6D62B5E53CD00853938 /* animals.json in Resources */ = {isa = PBXBuildFile; fileRef = 098AC6D22B5E53CD00853938 /* animals.json */; };
		098AC6DA2B5E558D00853938 /* VideoListView.swift in Sources */ = {isa = PBXBuildFile; fileRef = 098AC6D92B5E558D00853938 /* VideoListView.swift */; };
		098AC6DC2B5E55C100853938 /* MapView.swift in Sources */ = {isa = PBXBuildFile; fileRef = 098AC6DB2B5E55C100853938 /* MapView.swift */; };
		098AC6DE2B5E55C900853938 /* GalleryView.swift in Sources */ = {isa = PBXBuildFile; fileRef = 098AC6DD2B5E55C900853938 /* GalleryView.swift */; };
		098AC6E02B5E55CE00853938 /* MainView.swift in Sources */ = {isa = PBXBuildFile; fileRef = 098AC6DF2B5E55CE00853938 /* MainView.swift */; };
		098AC6E32B5E577B00853938 /* CoverImageView.swift in Sources */ = {isa = PBXBuildFile; fileRef = 098AC6E22B5E577B00853938 /* CoverImageView.swift */; };
		098AC6E72B5E598F00853938 /* CoverImageModel.swift in Sources */ = {isa = PBXBuildFile; fileRef = 098AC6E62B5E598F00853938 /* CoverImageModel.swift */; };
		098AC6E92B5E5A7900853938 /* CodableBundleExtension.swift in Sources */ = {isa = PBXBuildFile; fileRef = 098AC6E82B5E5A7900853938 /* CodableBundleExtension.swift */; };
/* End PBXBuildFile section */

/* Begin PBXFileReference section */
		0915C78E2B5EAE7B005DE9C4 /* AnimalListItemView.swift */ = {isa = PBXFileReference; lastKnownFileType = sourcecode.swift; path = AnimalListItemView.swift; sourceTree = "<group>"; };
		0915C7902B5EB1B5005DE9C4 /* AnimalModel.swift */ = {isa = PBXFileReference; lastKnownFileType = sourcecode.swift; path = AnimalModel.swift; sourceTree = "<group>"; };
		098AC68C2B5E519E00853938 /* The Dark Continent.app */ = {isa = PBXFileReference; explicitFileType = wrapper.application; includeInIndex = 0; path = "The Dark Continent.app"; sourceTree = BUILT_PRODUCTS_DIR; };
		098AC68F2B5E519E00853938 /* The_Dark_ContinentApp.swift */ = {isa = PBXFileReference; lastKnownFileType = sourcecode.swift; path = The_Dark_ContinentApp.swift; sourceTree = "<group>"; };
		098AC6912B5E519E00853938 /* ContentView.swift */ = {isa = PBXFileReference; lastKnownFileType = sourcecode.swift; path = ContentView.swift; sourceTree = "<group>"; };
		098AC6932B5E519F00853938 /* Assets.xcassets */ = {isa = PBXFileReference; lastKnownFileType = folder.assetcatalog; path = Assets.xcassets; sourceTree = "<group>"; };
		098AC6962B5E519F00853938 /* Preview Assets.xcassets */ = {isa = PBXFileReference; lastKnownFileType = folder.assetcatalog; path = "Preview Assets.xcassets"; sourceTree = "<group>"; };
		098AC6BA2B5E539500853938 /* gorilla.mp4 */ = {isa = PBXFileReference; lastKnownFileType = file; path = gorilla.mp4; sourceTree = "<group>"; };
		098AC6BB2B5E539500853938 /* giraffe.mp4 */ = {isa = PBXFileReference; lastKnownFileType = file; path = giraffe.mp4; sourceTree = "<group>"; };
		098AC6BC2B5E539500853938 /* hippo.mp4 */ = {isa = PBXFileReference; lastKnownFileType = file; path = hippo.mp4; sourceTree = "<group>"; };
		098AC6BD2B5E539500853938 /* lioness.mp4 */ = {isa = PBXFileReference; lastKnownFileType = file; path = lioness.mp4; sourceTree = "<group>"; };
		098AC6BE2B5E539500853938 /* rhino.mp4 */ = {isa = PBXFileReference; lastKnownFileType = file; path = rhino.mp4; sourceTree = "<group>"; };
		098AC6BF2B5E539500853938 /* zebra.mp4 */ = {isa = PBXFileReference; lastKnownFileType = file; path = zebra.mp4; sourceTree = "<group>"; };
		098AC6C02B5E539500853938 /* ostrich.mp4 */ = {isa = PBXFileReference; lastKnownFileType = file; path = ostrich.mp4; sourceTree = "<group>"; };
		098AC6C12B5E539500853938 /* elephant.mp4 */ = {isa = PBXFileReference; lastKnownFileType = file; path = elephant.mp4; sourceTree = "<group>"; };
		098AC6C22B5E539500853938 /* lion.mp4 */ = {isa = PBXFileReference; lastKnownFileType = file; path = lion.mp4; sourceTree = "<group>"; };
		098AC6C32B5E539500853938 /* cheetah.mp4 */ = {isa = PBXFileReference; lastKnownFileType = file; path = cheetah.mp4; sourceTree = "<group>"; };
		098AC6CF2B5E53CD00853938 /* videos.json */ = {isa = PBXFileReference; fileEncoding = 4; lastKnownFileType = text.json; path = videos.json; sourceTree = "<group>"; };
		098AC6D02B5E53CD00853938 /* locations.json */ = {isa = PBXFileReference; fileEncoding = 4; lastKnownFileType = text.json; path = locations.json; sourceTree = "<group>"; };
		098AC6D12B5E53CD00853938 /* covers.json */ = {isa = PBXFileReference; fileEncoding = 4; lastKnownFileType = text.json; path = covers.json; sourceTree = "<group>"; };
		098AC6D22B5E53CD00853938 /* animals.json */ = {isa = PBXFileReference; fileEncoding = 4; lastKnownFileType = text.json; path = animals.json; sourceTree = "<group>"; };
		098AC6D72B5E54D000853938 /* The-Dark-Continent-Info.plist */ = {isa = PBXFileReference; lastKnownFileType = text.plist; path = "The-Dark-Continent-Info.plist"; sourceTree = SOURCE_ROOT; };
		098AC6D92B5E558D00853938 /* VideoListView.swift */ = {isa = PBXFileReference; lastKnownFileType = sourcecode.swift; path = VideoListView.swift; sourceTree = "<group>"; };
		098AC6DB2B5E55C100853938 /* MapView.swift */ = {isa = PBXFileReference; lastKnownFileType = sourcecode.swift; path = MapView.swift; sourceTree = "<group>"; };
		098AC6DD2B5E55C900853938 /* GalleryView.swift */ = {isa = PBXFileReference; lastKnownFileType = sourcecode.swift; path = GalleryView.swift; sourceTree = "<group>"; };
		098AC6DF2B5E55CE00853938 /* MainView.swift */ = {isa = PBXFileReference; lastKnownFileType = sourcecode.swift; path = MainView.swift; sourceTree = "<group>"; };
		098AC6E22B5E577B00853938 /* CoverImageView.swift */ = {isa = PBXFileReference; lastKnownFileType = sourcecode.swift; path = CoverImageView.swift; sourceTree = "<group>"; };
		098AC6E62B5E598F00853938 /* CoverImageModel.swift */ = {isa = PBXFileReference; lastKnownFileType = sourcecode.swift; path = CoverImageModel.swift; sourceTree = "<group>"; };
		098AC6E82B5E5A7900853938 /* CodableBundleExtension.swift */ = {isa = PBXFileReference; lastKnownFileType = sourcecode.swift; path = CodableBundleExtension.swift; sourceTree = "<group>"; };
/* End PBXFileReference section */

/* Begin PBXFrameworksBuildPhase section */
		098AC6892B5E519E00853938 /* Frameworks */ = {
			isa = PBXFrameworksBuildPhase;
			buildActionMask = 2147483647;
			files = (
			);
			runOnlyForDeploymentPostprocessing = 0;
		};
/* End PBXFrameworksBuildPhase section */

/* Begin PBXGroup section */
		098AC6832B5E519E00853938 = {
			isa = PBXGroup;
			children = (
				098AC68E2B5E519E00853938 /* The Dark Continent */,
				098AC68D2B5E519E00853938 /* Products */,
			);
			sourceTree = "<group>";
		};
		098AC68D2B5E519E00853938 /* Products */ = {
			isa = PBXGroup;
			children = (
				098AC68C2B5E519E00853938 /* The Dark Continent.app */,
			);
			name = Products;
			sourceTree = "<group>";
		};
		098AC68E2B5E519E00853938 /* The Dark Continent */ = {
			isa = PBXGroup;
			children = (
				098AC6E52B5E598100853938 /* Model */,
				098AC6E42B5E595C00853938 /* Extension */,
				098AC6E12B5E576A00853938 /* View */,
				098AC6D82B5E556200853938 /* App */,
				098AC6D72B5E54D000853938 /* The-Dark-Continent-Info.plist */,
				098AC6CE2B5E53B600853938 /* Data */,
				098AC6B92B5E537900853938 /* Video */,
				098AC6932B5E519F00853938 /* Assets.xcassets */,
				098AC6952B5E519F00853938 /* Preview Content */,
			);
			path = "The Dark Continent";
			sourceTree = "<group>";
		};
		098AC6952B5E519F00853938 /* Preview Content */ = {
			isa = PBXGroup;
			children = (
				098AC6962B5E519F00853938 /* Preview Assets.xcassets */,
			);
			path = "Preview Content";
			sourceTree = "<group>";
		};
		098AC6B92B5E537900853938 /* Video */ = {
			isa = PBXGroup;
			children = (
				098AC6C32B5E539500853938 /* cheetah.mp4 */,
				098AC6C12B5E539500853938 /* elephant.mp4 */,
				098AC6BB2B5E539500853938 /* giraffe.mp4 */,
				098AC6BA2B5E539500853938 /* gorilla.mp4 */,
				098AC6BC2B5E539500853938 /* hippo.mp4 */,
				098AC6C22B5E539500853938 /* lion.mp4 */,
				098AC6BD2B5E539500853938 /* lioness.mp4 */,
				098AC6C02B5E539500853938 /* ostrich.mp4 */,
				098AC6BE2B5E539500853938 /* rhino.mp4 */,
				098AC6BF2B5E539500853938 /* zebra.mp4 */,
			);
			path = Video;
			sourceTree = "<group>";
		};
		098AC6CE2B5E53B600853938 /* Data */ = {
			isa = PBXGroup;
			children = (
				098AC6D22B5E53CD00853938 /* animals.json */,
				098AC6D12B5E53CD00853938 /* covers.json */,
				098AC6D02B5E53CD00853938 /* locations.json */,
				098AC6CF2B5E53CD00853938 /* videos.json */,
			);
			path = Data;
			sourceTree = "<group>";
		};
		098AC6D82B5E556200853938 /* App */ = {
			isa = PBXGroup;
			children = (
				098AC68F2B5E519E00853938 /* The_Dark_ContinentApp.swift */,
				098AC6912B5E519E00853938 /* ContentView.swift */,
				098AC6D92B5E558D00853938 /* VideoListView.swift */,
				098AC6DB2B5E55C100853938 /* MapView.swift */,
				098AC6DD2B5E55C900853938 /* GalleryView.swift */,
				098AC6DF2B5E55CE00853938 /* MainView.swift */,
			);
			path = App;
			sourceTree = "<group>";
		};
		098AC6E12B5E576A00853938 /* View */ = {
			isa = PBXGroup;
			children = (
				098AC6E22B5E577B00853938 /* CoverImageView.swift */,
				0915C78E2B5EAE7B005DE9C4 /* AnimalListItemView.swift */,
			);
			path = View;
			sourceTree = "<group>";
		};
		098AC6E42B5E595C00853938 /* Extension */ = {
			isa = PBXGroup;
			children = (
				098AC6E82B5E5A7900853938 /* CodableBundleExtension.swift */,
			);
			path = Extension;
			sourceTree = "<group>";
		};
		098AC6E52B5E598100853938 /* Model */ = {
			isa = PBXGroup;
			children = (
				098AC6E62B5E598F00853938 /* CoverImageModel.swift */,
				0915C7902B5EB1B5005DE9C4 /* AnimalModel.swift */,
			);
			path = Model;
			sourceTree = "<group>";
		};
/* End PBXGroup section */

/* Begin PBXNativeTarget section */
		098AC68B2B5E519E00853938 /* The Dark Continent */ = {
			isa = PBXNativeTarget;
			buildConfigurationList = 098AC6B02B5E519F00853938 /* Build configuration list for PBXNativeTarget "The Dark Continent" */;
			buildPhases = (
				098AC6882B5E519E00853938 /* Sources */,
				098AC6892B5E519E00853938 /* Frameworks */,
				098AC68A2B5E519E00853938 /* Resources */,
			);
			buildRules = (
			);
			dependencies = (
			);
			name = "The Dark Continent";
			productName = "The Dark Continent";
			productReference = 098AC68C2B5E519E00853938 /* The Dark Continent.app */;
			productType = "com.apple.product-type.application";
		};
/* End PBXNativeTarget section */

/* Begin PBXProject section */
		098AC6842B5E519E00853938 /* Project object */ = {
			isa = PBXProject;
			attributes = {
				BuildIndependentTargetsInParallel = 1;
				LastSwiftUpdateCheck = 1500;
				LastUpgradeCheck = 1500;
				TargetAttributes = {
					098AC68B2B5E519E00853938 = {
						CreatedOnToolsVersion = 15.0.1;
					};
				};
			};
			buildConfigurationList = 098AC6872B5E519E00853938 /* Build configuration list for PBXProject "The Dark Continent" */;
			compatibilityVersion = "Xcode 14.0";
			developmentRegion = en;
			hasScannedForEncodings = 0;
			knownRegions = (
				en,
				Base,
			);
			mainGroup = 098AC6832B5E519E00853938;
			productRefGroup = 098AC68D2B5E519E00853938 /* Products */;
			projectDirPath = "";
			projectRoot = "";
			targets = (
				098AC68B2B5E519E00853938 /* The Dark Continent */,
			);
		};
/* End PBXProject section */

/* Begin PBXResourcesBuildPhase section */
		098AC68A2B5E519E00853938 /* Resources */ = {
			isa = PBXResourcesBuildPhase;
			buildActionMask = 2147483647;
			files = (
				098AC6D42B5E53CD00853938 /* locations.json in Resources */,
				098AC6C62B5E539500853938 /* hippo.mp4 in Resources */,
				098AC6972B5E519F00853938 /* Preview Assets.xcassets in Resources */,
				098AC6C42B5E539500853938 /* gorilla.mp4 in Resources */,
				098AC6CA2B5E539500853938 /* ostrich.mp4 in Resources */,
				098AC6D32B5E53CD00853938 /* videos.json in Resources */,
				098AC6C52B5E539500853938 /* giraffe.mp4 in Resources */,
				098AC6C92B5E539500853938 /* zebra.mp4 in Resources */,
				098AC6C82B5E539500853938 /* rhino.mp4 in Resources */,
				098AC6D62B5E53CD00853938 /* animals.json in Resources */,
				098AC6942B5E519F00853938 /* Assets.xcassets in Resources */,
				098AC6D52B5E53CD00853938 /* covers.json in Resources */,
				098AC6CD2B5E539500853938 /* cheetah.mp4 in Resources */,
				098AC6CC2B5E539500853938 /* lion.mp4 in Resources */,
				098AC6CB2B5E539500853938 /* elephant.mp4 in Resources */,
				098AC6C72B5E539500853938 /* lioness.mp4 in Resources */,
			);
			runOnlyForDeploymentPostprocessing = 0;
		};
/* End PBXResourcesBuildPhase section */

/* Begin PBXSourcesBuildPhase section */
		098AC6882B5E519E00853938 /* Sources */ = {
			isa = PBXSourcesBuildPhase;
			buildActionMask = 2147483647;
			files = (
				098AC6DA2B5E558D00853938 /* VideoListView.swift in Sources */,
				0915C78F2B5EAE7B005DE9C4 /* AnimalListItemView.swift in Sources */,
				098AC6E02B5E55CE00853938 /* MainView.swift in Sources */,
				098AC6E32B5E577B00853938 /* CoverImageView.swift in Sources */,
				098AC6E72B5E598F00853938 /* CoverImageModel.swift in Sources */,
				0915C7912B5EB1B5005DE9C4 /* AnimalModel.swift in Sources */,
				098AC6DC2B5E55C100853938 /* MapView.swift in Sources */,
				098AC6922B5E519E00853938 /* ContentView.swift in Sources */,
				098AC6902B5E519E00853938 /* The_Dark_ContinentApp.swift in Sources */,
				098AC6DE2B5E55C900853938 /* GalleryView.swift in Sources */,
				098AC6E92B5E5A7900853938 /* CodableBundleExtension.swift in Sources */,
			);
			runOnlyForDeploymentPostprocessing = 0;
		};
/* End PBXSourcesBuildPhase section */

/* Begin XCBuildConfiguration section */
		098AC6AE2B5E519F00853938 /* Debug */ = {
			isa = XCBuildConfiguration;
			buildSettings = {
				ALWAYS_SEARCH_USER_PATHS = NO;
				ASSETCATALOG_COMPILER_GENERATE_SWIFT_ASSET_SYMBOL_EXTENSIONS = YES;
				CLANG_ANALYZER_NONNULL = YES;
				CLANG_ANALYZER_NUMBER_OBJECT_CONVERSION = YES_AGGRESSIVE;
				CLANG_CXX_LANGUAGE_STANDARD = "gnu++20";
				CLANG_ENABLE_MODULES = YES;
				CLANG_ENABLE_OBJC_ARC = YES;
				CLANG_ENABLE_OBJC_WEAK = YES;
				CLANG_WARN_BLOCK_CAPTURE_AUTORELEASING = YES;
				CLANG_WARN_BOOL_CONVERSION = YES;
				CLANG_WARN_COMMA = YES;
				CLANG_WARN_CONSTANT_CONVERSION = YES;
				CLANG_WARN_DEPRECATED_OBJC_IMPLEMENTATIONS = YES;
				CLANG_WARN_DIRECT_OBJC_ISA_USAGE = YES_ERROR;
				CLANG_WARN_DOCUMENTATION_COMMENTS = YES;
				CLANG_WARN_EMPTY_BODY = YES;
				CLANG_WARN_ENUM_CONVERSION = YES;
				CLANG_WARN_INFINITE_RECURSION = YES;
				CLANG_WARN_INT_CONVERSION = YES;
				CLANG_WARN_NON_LITERAL_NULL_CONVERSION = YES;
				CLANG_WARN_OBJC_IMPLICIT_RETAIN_SELF = YES;
				CLANG_WARN_OBJC_LITERAL_CONVERSION = YES;
				CLANG_WARN_OBJC_ROOT_CLASS = YES_ERROR;
				CLANG_WARN_QUOTED_INCLUDE_IN_FRAMEWORK_HEADER = YES;
				CLANG_WARN_RANGE_LOOP_ANALYSIS = YES;
				CLANG_WARN_STRICT_PROTOTYPES = YES;
				CLANG_WARN_SUSPICIOUS_MOVE = YES;
				CLANG_WARN_UNGUARDED_AVAILABILITY = YES_AGGRESSIVE;
				CLANG_WARN_UNREACHABLE_CODE = YES;
				CLANG_WARN__DUPLICATE_METHOD_MATCH = YES;
				COPY_PHASE_STRIP = NO;
				DEBUG_INFORMATION_FORMAT = dwarf;
				ENABLE_STRICT_OBJC_MSGSEND = YES;
				ENABLE_TESTABILITY = YES;
				ENABLE_USER_SCRIPT_SANDBOXING = YES;
				GCC_C_LANGUAGE_STANDARD = gnu17;
				GCC_DYNAMIC_NO_PIC = NO;
				GCC_NO_COMMON_BLOCKS = YES;
				GCC_OPTIMIZATION_LEVEL = 0;
				GCC_PREPROCESSOR_DEFINITIONS = (
					"DEBUG=1",
					"$(inherited)",
				);
				GCC_WARN_64_TO_32_BIT_CONVERSION = YES;
				GCC_WARN_ABOUT_RETURN_TYPE = YES_ERROR;
				GCC_WARN_UNDECLARED_SELECTOR = YES;
				GCC_WARN_UNINITIALIZED_AUTOS = YES_AGGRESSIVE;
				GCC_WARN_UNUSED_FUNCTION = YES;
				GCC_WARN_UNUSED_VARIABLE = YES;
				IPHONEOS_DEPLOYMENT_TARGET = 17.0;
				LOCALIZATION_PREFERS_STRING_CATALOGS = YES;
				MTL_ENABLE_DEBUG_INFO = INCLUDE_SOURCE;
				MTL_FAST_MATH = YES;
				ONLY_ACTIVE_ARCH = YES;
				SDKROOT = iphoneos;
				SWIFT_ACTIVE_COMPILATION_CONDITIONS = "DEBUG $(inherited)";
				SWIFT_OPTIMIZATION_LEVEL = "-Onone";
			};
			name = Debug;
		};
		098AC6AF2B5E519F00853938 /* Release */ = {
			isa = XCBuildConfiguration;
			buildSettings = {
				ALWAYS_SEARCH_USER_PATHS = NO;
				ASSETCATALOG_COMPILER_GENERATE_SWIFT_ASSET_SYMBOL_EXTENSIONS = YES;
				CLANG_ANALYZER_NONNULL = YES;
				CLANG_ANALYZER_NUMBER_OBJECT_CONVERSION = YES_AGGRESSIVE;
				CLANG_CXX_LANGUAGE_STANDARD = "gnu++20";
				CLANG_ENABLE_MODULES = YES;
				CLANG_ENABLE_OBJC_ARC = YES;
				CLANG_ENABLE_OBJC_WEAK = YES;
				CLANG_WARN_BLOCK_CAPTURE_AUTORELEASING = YES;
				CLANG_WARN_BOOL_CONVERSION = YES;
				CLANG_WARN_COMMA = YES;
				CLANG_WARN_CONSTANT_CONVERSION = YES;
				CLANG_WARN_DEPRECATED_OBJC_IMPLEMENTATIONS = YES;
				CLANG_WARN_DIRECT_OBJC_ISA_USAGE = YES_ERROR;
				CLANG_WARN_DOCUMENTATION_COMMENTS = YES;
				CLANG_WARN_EMPTY_BODY = YES;
				CLANG_WARN_ENUM_CONVERSION = YES;
				CLANG_WARN_INFINITE_RECURSION = YES;
				CLANG_WARN_INT_CONVERSION = YES;
				CLANG_WARN_NON_LITERAL_NULL_CONVERSION = YES;
				CLANG_WARN_OBJC_IMPLICIT_RETAIN_SELF = YES;
				CLANG_WARN_OBJC_LITERAL_CONVERSION = YES;
				CLANG_WARN_OBJC_ROOT_CLASS = YES_ERROR;
				CLANG_WARN_QUOTED_INCLUDE_IN_FRAMEWORK_HEADER = YES;
				CLANG_WARN_RANGE_LOOP_ANALYSIS = YES;
				CLANG_WARN_STRICT_PROTOTYPES = YES;
				CLANG_WARN_SUSPICIOUS_MOVE = YES;
				CLANG_WARN_UNGUARDED_AVAILABILITY = YES_AGGRESSIVE;
				CLANG_WARN_UNREACHABLE_CODE = YES;
				CLANG_WARN__DUPLICATE_METHOD_MATCH = YES;
				COPY_PHASE_STRIP = NO;
				DEBUG_INFORMATION_FORMAT = "dwarf-with-dsym";
				ENABLE_NS_ASSERTIONS = NO;
				ENABLE_STRICT_OBJC_MSGSEND = YES;
				ENABLE_USER_SCRIPT_SANDBOXING = YES;
				GCC_C_LANGUAGE_STANDARD = gnu17;
				GCC_NO_COMMON_BLOCKS = YES;
				GCC_WARN_64_TO_32_BIT_CONVERSION = YES;
				GCC_WARN_ABOUT_RETURN_TYPE = YES_ERROR;
				GCC_WARN_UNDECLARED_SELECTOR = YES;
				GCC_WARN_UNINITIALIZED_AUTOS = YES_AGGRESSIVE;
				GCC_WARN_UNUSED_FUNCTION = YES;
				GCC_WARN_UNUSED_VARIABLE = YES;
				IPHONEOS_DEPLOYMENT_TARGET = 17.0;
				LOCALIZATION_PREFERS_STRING_CATALOGS = YES;
				MTL_ENABLE_DEBUG_INFO = NO;
				MTL_FAST_MATH = YES;
				SDKROOT = iphoneos;
				SWIFT_COMPILATION_MODE = wholemodule;
				VALIDATE_PRODUCT = YES;
			};
			name = Release;
		};
		098AC6B12B5E519F00853938 /* Debug */ = {
			isa = XCBuildConfiguration;
			buildSettings = {
				ASSETCATALOG_COMPILER_APPICON_NAME = AppIcon;
				ASSETCATALOG_COMPILER_GLOBAL_ACCENT_COLOR_NAME = AccentColor;
				CODE_SIGN_STYLE = Automatic;
				CURRENT_PROJECT_VERSION = 1;
				DEVELOPMENT_ASSET_PATHS = "\"The Dark Continent/Preview Content\"";
				DEVELOPMENT_TEAM = 86A2HR6D83;
				ENABLE_PREVIEWS = YES;
				GENERATE_INFOPLIST_FILE = YES;
				INFOPLIST_FILE = "The-Dark-Continent-Info.plist";
				INFOPLIST_KEY_UIApplicationSceneManifest_Generation = YES;
				INFOPLIST_KEY_UIApplicationSupportsIndirectInputEvents = YES;
				INFOPLIST_KEY_UISupportedInterfaceOrientations_iPad = "UIInterfaceOrientationPortrait UIInterfaceOrientationPortraitUpsideDown UIInterfaceOrientationLandscapeLeft UIInterfaceOrientationLandscapeRight";
				INFOPLIST_KEY_UISupportedInterfaceOrientations_iPhone = "UIInterfaceOrientationPortrait UIInterfaceOrientationLandscapeLeft UIInterfaceOrientationLandscapeRight";
				INFOPLIST_KEY_UIUserInterfaceStyle = Dark;
				LD_RUNPATH_SEARCH_PATHS = (
					"$(inherited)",
					"@executable_path/Frameworks",
				);
				MARKETING_VERSION = 1.0;
				PRODUCT_BUNDLE_IDENTIFIER = "com.kasunrmw.The-Dark-Continent";
				PRODUCT_NAME = "$(TARGET_NAME)";
				SWIFT_EMIT_LOC_STRINGS = YES;
				SWIFT_VERSION = 5.0;
				TARGETED_DEVICE_FAMILY = "1,2";
			};
			name = Debug;
		};
		098AC6B22B5E519F00853938 /* Release */ = {
			isa = XCBuildConfiguration;
			buildSettings = {
				ASSETCATALOG_COMPILER_APPICON_NAME = AppIcon;
				ASSETCATALOG_COMPILER_GLOBAL_ACCENT_COLOR_NAME = AccentColor;
				CODE_SIGN_STYLE = Automatic;
				CURRENT_PROJECT_VERSION = 1;
				DEVELOPMENT_ASSET_PATHS = "\"The Dark Continent/Preview Content\"";
				DEVELOPMENT_TEAM = 86A2HR6D83;
				ENABLE_PREVIEWS = YES;
				GENERATE_INFOPLIST_FILE = YES;
				INFOPLIST_FILE = "The-Dark-Continent-Info.plist";
				INFOPLIST_KEY_UIApplicationSceneManifest_Generation = YES;
				INFOPLIST_KEY_UIApplicationSupportsIndirectInputEvents = YES;
				INFOPLIST_KEY_UISupportedInterfaceOrientations_iPad = "UIInterfaceOrientationPortrait UIInterfaceOrientationPortraitUpsideDown UIInterfaceOrientationLandscapeLeft UIInterfaceOrientationLandscapeRight";
				INFOPLIST_KEY_UISupportedInterfaceOrientations_iPhone = "UIInterfaceOrientationPortrait UIInterfaceOrientationLandscapeLeft UIInterfaceOrientationLandscapeRight";
				INFOPLIST_KEY_UIUserInterfaceStyle = Dark;
				LD_RUNPATH_SEARCH_PATHS = (
					"$(inherited)",
					"@executable_path/Frameworks",
				);
				MARKETING_VERSION = 1.0;
				PRODUCT_BUNDLE_IDENTIFIER = "com.kasunrmw.The-Dark-Continent";
				PRODUCT_NAME = "$(TARGET_NAME)";
				SWIFT_EMIT_LOC_STRINGS = YES;
				SWIFT_VERSION = 5.0;
				TARGETED_DEVICE_FAMILY = "1,2";
			};
			name = Release;
		};
/* End XCBuildConfiguration section */

/* Begin XCConfigurationList section */
		098AC6872B5E519E00853938 /* Build configuration list for PBXProject "The Dark Continent" */ = {
			isa = XCConfigurationList;
			buildConfigurations = (
				098AC6AE2B5E519F00853938 /* Debug */,
				098AC6AF2B5E519F00853938 /* Release */,
			);
			defaultConfigurationIsVisible = 0;
			defaultConfigurationName = Release;
		};
		098AC6B02B5E519F00853938 /* Build configuration list for PBXNativeTarget "The Dark Continent" */ = {
			isa = XCConfigurationList;
			buildConfigurations = (
				098AC6B12B5E519F00853938 /* Debug */,
				098AC6B22B5E519F00853938 /* Release */,
			);
			defaultConfigurationIsVisible = 0;
			defaultConfigurationName = Release;
		};
/* End XCConfigurationList section */
	};
	rootObject = 098AC6842B5E519E00853938 /* Project object */;
}
